// !$*UTF8*$!
{
	archiveVersion = 1;
	classes = {
	};
	objectVersion = 50;
	objects = {

/* Begin PBXBuildFile section */
		1FBD560F24E9F126006E490A /* mountainTopCoding_____App.swift in Sources */ = {isa = PBXBuildFile; fileRef = 1FBD560E24E9F126006E490A /* mountainTopCoding_____App.swift */; };
		1FBD561124E9F126006E490A /* mountainTopCoding_____Document.swift in Sources */ = {isa = PBXBuildFile; fileRef = 1FBD561024E9F126006E490A /* mountainTopCoding_____Document.swift */; };
		1FBD561324E9F126006E490A /* ContentView.swift in Sources */ = {isa = PBXBuildFile; fileRef = 1FBD561224E9F126006E490A /* ContentView.swift */; };
		1FBD561524E9F127006E490A /* Assets.xcassets in Resources */ = {isa = PBXBuildFile; fileRef = 1FBD561424E9F127006E490A /* Assets.xcassets */; };
		1FBD561824E9F127006E490A /* Preview Assets.xcassets in Resources */ = {isa = PBXBuildFile; fileRef = 1FBD561724E9F127006E490A /* Preview Assets.xcassets */; };
		1FBD562324E9F127006E490A /* mountainTopCoding_____Tests.swift in Sources */ = {isa = PBXBuildFile; fileRef = 1FBD562224E9F127006E490A /* mountainTopCoding_____Tests.swift */; };
		1FBD562E24E9F127006E490A /* mountainTopCoding_____UITests.swift in Sources */ = {isa = PBXBuildFile; fileRef = 1FBD562D24E9F127006E490A /* mountainTopCoding_____UITests.swift */; };
/* End PBXBuildFile section */

/* Begin PBXContainerItemProxy section */
		1FBD561F24E9F127006E490A /* PBXContainerItemProxy */ = {
			isa = PBXContainerItemProxy;
			containerPortal = 1FBD560324E9F126006E490A /* Project object */;
			proxyType = 1;
			remoteGlobalIDString = 1FBD560A24E9F126006E490A;
			remoteInfo = "mountainTopCoding(🏔);";
		};
		1FBD562A24E9F127006E490A /* PBXContainerItemProxy */ = {
			isa = PBXContainerItemProxy;
			containerPortal = 1FBD560324E9F126006E490A /* Project object */;
			proxyType = 1;
			remoteGlobalIDString = 1FBD560A24E9F126006E490A;
			remoteInfo = "mountainTopCoding(🏔);";
		};
/* End PBXContainerItemProxy section */

/* Begin PBXFileReference section */
		1FBD560B24E9F126006E490A /* mountainTopCoding(🏔);.app */ = {isa = PBXFileReference; explicitFileType = wrapper.application; includeInIndex = 0; path = "mountainTopCoding(🏔);.app"; sourceTree = BUILT_PRODUCTS_DIR; };
		1FBD560E24E9F126006E490A /* mountainTopCoding_____App.swift */ = {isa = PBXFileReference; lastKnownFileType = sourcecode.swift; path = "mountainTopCoding_____App.swift"; sourceTree = "<group>"; };
		1FBD561024E9F126006E490A /* mountainTopCoding_____Document.swift */ = {isa = PBXFileReference; lastKnownFileType = sourcecode.swift; path = "mountainTopCoding_____Document.swift"; sourceTree = "<group>"; };
		1FBD561224E9F126006E490A /* ContentView.swift */ = {isa = PBXFileReference; lastKnownFileType = sourcecode.swift; path = ContentView.swift; sourceTree = "<group>"; };
		1FBD561424E9F127006E490A /* Assets.xcassets */ = {isa = PBXFileReference; lastKnownFileType = folder.assetcatalog; path = Assets.xcassets; sourceTree = "<group>"; };
		1FBD561724E9F127006E490A /* Preview Assets.xcassets */ = {isa = PBXFileReference; lastKnownFileType = folder.assetcatalog; path = "Preview Assets.xcassets"; sourceTree = "<group>"; };
		1FBD561924E9F127006E490A /* Info.plist */ = {isa = PBXFileReference; lastKnownFileType = text.plist.xml; path = Info.plist; sourceTree = "<group>"; };
		1FBD561E24E9F127006E490A /* mountainTopCoding(🏔);Tests.xctest */ = {isa = PBXFileReference; explicitFileType = wrapper.cfbundle; includeInIndex = 0; path = "mountainTopCoding(🏔);Tests.xctest"; sourceTree = BUILT_PRODUCTS_DIR; };
		1FBD562224E9F127006E490A /* mountainTopCoding_____Tests.swift */ = {isa = PBXFileReference; lastKnownFileType = sourcecode.swift; path = "mountainTopCoding_____Tests.swift"; sourceTree = "<group>"; };
		1FBD562424E9F127006E490A /* Info.plist */ = {isa = PBXFileReference; lastKnownFileType = text.plist.xml; path = Info.plist; sourceTree = "<group>"; };
		1FBD562924E9F127006E490A /* mountainTopCoding(🏔);UITests.xctest */ = {isa = PBXFileReference; explicitFileType = wrapper.cfbundle; includeInIndex = 0; path = "mountainTopCoding(🏔);UITests.xctest"; sourceTree = BUILT_PRODUCTS_DIR; };
		1FBD562D24E9F127006E490A /* mountainTopCoding_____UITests.swift */ = {isa = PBXFileReference; lastKnownFileType = sourcecode.swift; path = "mountainTopCoding_____UITests.swift"; sourceTree = "<group>"; };
		1FBD562F24E9F127006E490A /* Info.plist */ = {isa = PBXFileReference; lastKnownFileType = text.plist.xml; path = Info.plist; sourceTree = "<group>"; };
/* End PBXFileReference section */

/* Begin PBXFrameworksBuildPhase section */
		1FBD560824E9F126006E490A /* Frameworks */ = {
			isa = PBXFrameworksBuildPhase;
			buildActionMask = 2147483647;
			files = (
			);
			runOnlyForDeploymentPostprocessing = 0;
		};
		1FBD561B24E9F127006E490A /* Frameworks */ = {
			isa = PBXFrameworksBuildPhase;
			buildActionMask = 2147483647;
			files = (
			);
			runOnlyForDeploymentPostprocessing = 0;
		};
		1FBD562624E9F127006E490A /* Frameworks */ = {
			isa = PBXFrameworksBuildPhase;
			buildActionMask = 2147483647;
			files = (
			);
			runOnlyForDeploymentPostprocessing = 0;
		};
/* End PBXFrameworksBuildPhase section */

/* Begin PBXGroup section */
		1FBD560224E9F126006E490A = {
			isa = PBXGroup;
			children = (
				1FBD560D24E9F126006E490A /* mountainTopCoding(🏔); */,
				1FBD562124E9F127006E490A /* mountainTopCoding(🏔);Tests */,
				1FBD562C24E9F127006E490A /* mountainTopCoding(🏔);UITests */,
				1FBD560C24E9F126006E490A /* Products */,
			);
			sourceTree = "<group>";
		};
		1FBD560C24E9F126006E490A /* Products */ = {
			isa = PBXGroup;
			children = (
				1FBD560B24E9F126006E490A /* mountainTopCoding(🏔);.app */,
				1FBD561E24E9F127006E490A /* mountainTopCoding(🏔);Tests.xctest */,
				1FBD562924E9F127006E490A /* mountainTopCoding(🏔);UITests.xctest */,
			);
			name = Products;
			sourceTree = "<group>";
		};
		1FBD560D24E9F126006E490A /* mountainTopCoding(🏔); */ = {
			isa = PBXGroup;
			children = (
				1FBD560E24E9F126006E490A /* mountainTopCoding_____App.swift */,
				1FBD561024E9F126006E490A /* mountainTopCoding_____Document.swift */,
				1FBD561224E9F126006E490A /* ContentView.swift */,
				1FBD561424E9F127006E490A /* Assets.xcassets */,
				1FBD561924E9F127006E490A /* Info.plist */,
				1FBD561624E9F127006E490A /* Preview Content */,
			);
			path = "mountainTopCoding(🏔);";
			sourceTree = "<group>";
		};
		1FBD561624E9F127006E490A /* Preview Content */ = {
			isa = PBXGroup;
			children = (
				1FBD561724E9F127006E490A /* Preview Assets.xcassets */,
			);
			path = "Preview Content";
			sourceTree = "<group>";
		};
		1FBD562124E9F127006E490A /* mountainTopCoding(🏔);Tests */ = {
			isa = PBXGroup;
			children = (
				1FBD562224E9F127006E490A /* mountainTopCoding_____Tests.swift */,
				1FBD562424E9F127006E490A /* Info.plist */,
			);
			path = "mountainTopCoding(🏔);Tests";
			sourceTree = "<group>";
		};
		1FBD562C24E9F127006E490A /* mountainTopCoding(🏔);UITests */ = {
			isa = PBXGroup;
			children = (
				1FBD562D24E9F127006E490A /* mountainTopCoding_____UITests.swift */,
				1FBD562F24E9F127006E490A /* Info.plist */,
			);
			path = "mountainTopCoding(🏔);UITests";
			sourceTree = "<group>";
		};
/* End PBXGroup section */

/* Begin PBXNativeTarget section */
		1FBD560A24E9F126006E490A /* mountainTopCoding(🏔); */ = {
			isa = PBXNativeTarget;
			buildConfigurationList = 1FBD563224E9F127006E490A /* Build configuration list for PBXNativeTarget "mountainTopCoding(🏔);" */;
			buildPhases = (
				1FBD560724E9F126006E490A /* Sources */,
				1FBD560824E9F126006E490A /* Frameworks */,
				1FBD560924E9F126006E490A /* Resources */,
			);
			buildRules = (
			);
			dependencies = (
			);
			name = "mountainTopCoding(🏔);";
			productName = "mountainTopCoding(🏔);";
			productReference = 1FBD560B24E9F126006E490A /* mountainTopCoding(🏔);.app */;
			productType = "com.apple.product-type.application";
		};
		1FBD561D24E9F127006E490A /* mountainTopCoding(🏔);Tests */ = {
			isa = PBXNativeTarget;
			buildConfigurationList = 1FBD563524E9F127006E490A /* Build configuration list for PBXNativeTarget "mountainTopCoding(🏔);Tests" */;
			buildPhases = (
				1FBD561A24E9F127006E490A /* Sources */,
				1FBD561B24E9F127006E490A /* Frameworks */,
				1FBD561C24E9F127006E490A /* Resources */,
			);
			buildRules = (
			);
			dependencies = (
				1FBD562024E9F127006E490A /* PBXTargetDependency */,
			);
			name = "mountainTopCoding(🏔);Tests";
			productName = "mountainTopCoding(🏔);Tests";
			productReference = 1FBD561E24E9F127006E490A /* mountainTopCoding(🏔);Tests.xctest */;
			productType = "com.apple.product-type.bundle.unit-test";
		};
		1FBD562824E9F127006E490A /* mountainTopCoding(🏔);UITests */ = {
			isa = PBXNativeTarget;
			buildConfigurationList = 1FBD563824E9F127006E490A /* Build configuration list for PBXNativeTarget "mountainTopCoding(🏔);UITests" */;
			buildPhases = (
				1FBD562524E9F127006E490A /* Sources */,
				1FBD562624E9F127006E490A /* Frameworks */,
				1FBD562724E9F127006E490A /* Resources */,
			);
			buildRules = (
			);
			dependencies = (
				1FBD562B24E9F127006E490A /* PBXTargetDependency */,
			);
			name = "mountainTopCoding(🏔);UITests";
			productName = "mountainTopCoding(🏔);UITests";
			productReference = 1FBD562924E9F127006E490A /* mountainTopCoding(🏔);UITests.xctest */;
			productType = "com.apple.product-type.bundle.ui-testing";
		};
/* End PBXNativeTarget section */

/* Begin PBXProject section */
		1FBD560324E9F126006E490A /* Project object */ = {
			isa = PBXProject;
			attributes = {
				LastSwiftUpdateCheck = 1200;
				LastUpgradeCheck = 1200;
				TargetAttributes = {
					1FBD560A24E9F126006E490A = {
						CreatedOnToolsVersion = 12.0;
					};
					1FBD561D24E9F127006E490A = {
						CreatedOnToolsVersion = 12.0;
						TestTargetID = 1FBD560A24E9F126006E490A;
					};
					1FBD562824E9F127006E490A = {
						CreatedOnToolsVersion = 12.0;
						TestTargetID = 1FBD560A24E9F126006E490A;
					};
				};
			};
			buildConfigurationList = 1FBD560624E9F126006E490A /* Build configuration list for PBXProject "mountainTopCoding(🏔);" */;
			compatibilityVersion = "Xcode 9.3";
			developmentRegion = en;
			hasScannedForEncodings = 0;
			knownRegions = (
				en,
				Base,
			);
			mainGroup = 1FBD560224E9F126006E490A;
			productRefGroup = 1FBD560C24E9F126006E490A /* Products */;
			projectDirPath = "";
			projectRoot = "";
			targets = (
				1FBD560A24E9F126006E490A /* mountainTopCoding(🏔); */,
				1FBD561D24E9F127006E490A /* mountainTopCoding(🏔);Tests */,
				1FBD562824E9F127006E490A /* mountainTopCoding(🏔);UITests */,
			);
		};
/* End PBXProject section */

/* Begin PBXResourcesBuildPhase section */
		1FBD560924E9F126006E490A /* Resources */ = {
			isa = PBXResourcesBuildPhase;
			buildActionMask = 2147483647;
			files = (
				1FBD561824E9F127006E490A /* Preview Assets.xcassets in Resources */,
				1FBD561524E9F127006E490A /* Assets.xcassets in Resources */,
			);
			runOnlyForDeploymentPostprocessing = 0;
		};
		1FBD561C24E9F127006E490A /* Resources */ = {
			isa = PBXResourcesBuildPhase;
			buildActionMask = 2147483647;
			files = (
			);
			runOnlyForDeploymentPostprocessing = 0;
		};
		1FBD562724E9F127006E490A /* Resources */ = {
			isa = PBXResourcesBuildPhase;
			buildActionMask = 2147483647;
			files = (
			);
			runOnlyForDeploymentPostprocessing = 0;
		};
/* End PBXResourcesBuildPhase section */

/* Begin PBXSourcesBuildPhase section */
		1FBD560724E9F126006E490A /* Sources */ = {
			isa = PBXSourcesBuildPhase;
			buildActionMask = 2147483647;
			files = (
				1FBD560F24E9F126006E490A /* mountainTopCoding_____App.swift in Sources */,
				1FBD561124E9F126006E490A /* mountainTopCoding_____Document.swift in Sources */,
				1FBD561324E9F126006E490A /* ContentView.swift in Sources */,
			);
			runOnlyForDeploymentPostprocessing = 0;
		};
		1FBD561A24E9F127006E490A /* Sources */ = {
			isa = PBXSourcesBuildPhase;
			buildActionMask = 2147483647;
			files = (
				1FBD562324E9F127006E490A /* mountainTopCoding_____Tests.swift in Sources */,
			);
			runOnlyForDeploymentPostprocessing = 0;
		};
		1FBD562524E9F127006E490A /* Sources */ = {
			isa = PBXSourcesBuildPhase;
			buildActionMask = 2147483647;
			files = (
				1FBD562E24E9F127006E490A /* mountainTopCoding_____UITests.swift in Sources */,
			);
			runOnlyForDeploymentPostprocessing = 0;
		};
/* End PBXSourcesBuildPhase section */

/* Begin PBXTargetDependency section */
		1FBD562024E9F127006E490A /* PBXTargetDependency */ = {
			isa = PBXTargetDependency;
			target = 1FBD560A24E9F126006E490A /* mountainTopCoding(🏔); */;
			targetProxy = 1FBD561F24E9F127006E490A /* PBXContainerItemProxy */;
		};
		1FBD562B24E9F127006E490A /* PBXTargetDependency */ = {
			isa = PBXTargetDependency;
			target = 1FBD560A24E9F126006E490A /* mountainTopCoding(🏔); */;
			targetProxy = 1FBD562A24E9F127006E490A /* PBXContainerItemProxy */;
		};
/* End PBXTargetDependency section */

/* Begin XCBuildConfiguration section */
		1FBD563024E9F127006E490A /* Debug */ = {
			isa = XCBuildConfiguration;
			buildSettings = {
				ALWAYS_SEARCH_USER_PATHS = NO;
				CLANG_ANALYZER_NONNULL = YES;
				CLANG_ANALYZER_NUMBER_OBJECT_CONVERSION = YES_AGGRESSIVE;
				CLANG_CXX_LANGUAGE_STANDARD = "gnu++14";
				CLANG_CXX_LIBRARY = "libc++";
				CLANG_ENABLE_MODULES = YES;
				CLANG_ENABLE_OBJC_ARC = YES;
				CLANG_ENABLE_OBJC_WEAK = YES;
				CLANG_WARN_BLOCK_CAPTURE_AUTORELEASING = YES;
				CLANG_WARN_BOOL_CONVERSION = YES;
				CLANG_WARN_COMMA = YES;
				CLANG_WARN_CONSTANT_CONVERSION = YES;
				CLANG_WARN_DEPRECATED_OBJC_IMPLEMENTATIONS = YES;
				CLANG_WARN_DIRECT_OBJC_ISA_USAGE = YES_ERROR;
				CLANG_WARN_DOCUMENTATION_COMMENTS = YES;
				CLANG_WARN_EMPTY_BODY = YES;
				CLANG_WARN_ENUM_CONVERSION = YES;
				CLANG_WARN_INFINITE_RECURSION = YES;
				CLANG_WARN_INT_CONVERSION = YES;
				CLANG_WARN_NON_LITERAL_NULL_CONVERSION = YES;
				CLANG_WARN_OBJC_IMPLICIT_RETAIN_SELF = YES;
				CLANG_WARN_OBJC_LITERAL_CONVERSION = YES;
				CLANG_WARN_OBJC_ROOT_CLASS = YES_ERROR;
				CLANG_WARN_QUOTED_INCLUDE_IN_FRAMEWORK_HEADER = YES;
				CLANG_WARN_RANGE_LOOP_ANALYSIS = YES;
				CLANG_WARN_STRICT_PROTOTYPES = YES;
				CLANG_WARN_SUSPICIOUS_MOVE = YES;
				CLANG_WARN_UNGUARDED_AVAILABILITY = YES_AGGRESSIVE;
				CLANG_WARN_UNREACHABLE_CODE = YES;
				CLANG_WARN__DUPLICATE_METHOD_MATCH = YES;
				COPY_PHASE_STRIP = NO;
				DEBUG_INFORMATION_FORMAT = dwarf;
				ENABLE_STRICT_OBJC_MSGSEND = YES;
				ENABLE_TESTABILITY = YES;
				GCC_C_LANGUAGE_STANDARD = gnu11;
				GCC_DYNAMIC_NO_PIC = NO;
				GCC_NO_COMMON_BLOCKS = YES;
				GCC_OPTIMIZATION_LEVEL = 0;
				GCC_PREPROCESSOR_DEFINITIONS = (
					"DEBUG=1",
					"$(inherited)",
				);
				GCC_WARN_64_TO_32_BIT_CONVERSION = YES;
				GCC_WARN_ABOUT_RETURN_TYPE = YES_ERROR;
				GCC_WARN_UNDECLARED_SELECTOR = YES;
				GCC_WARN_UNINITIALIZED_AUTOS = YES_AGGRESSIVE;
				GCC_WARN_UNUSED_FUNCTION = YES;
				GCC_WARN_UNUSED_VARIABLE = YES;
				IPHONEOS_DEPLOYMENT_TARGET = 14.0;
				MTL_ENABLE_DEBUG_INFO = INCLUDE_SOURCE;
				MTL_FAST_MATH = YES;
				ONLY_ACTIVE_ARCH = YES;
				SDKROOT = iphoneos;
				SWIFT_ACTIVE_COMPILATION_CONDITIONS = DEBUG;
				SWIFT_OPTIMIZATION_LEVEL = "-Onone";
			};
			name = Debug;
		};
		1FBD563124E9F127006E490A /* Release */ = {
			isa = XCBuildConfiguration;
			buildSettings = {
				ALWAYS_SEARCH_USER_PATHS = NO;
				CLANG_ANALYZER_NONNULL = YES;
				CLANG_ANALYZER_NUMBER_OBJECT_CONVERSION = YES_AGGRESSIVE;
				CLANG_CXX_LANGUAGE_STANDARD = "gnu++14";
				CLANG_CXX_LIBRARY = "libc++";
				CLANG_ENABLE_MODULES = YES;
				CLANG_ENABLE_OBJC_ARC = YES;
				CLANG_ENABLE_OBJC_WEAK = YES;
				CLANG_WARN_BLOCK_CAPTURE_AUTORELEASING = YES;
				CLANG_WARN_BOOL_CONVERSION = YES;
				CLANG_WARN_COMMA = YES;
				CLANG_WARN_CONSTANT_CONVERSION = YES;
				CLANG_WARN_DEPRECATED_OBJC_IMPLEMENTATIONS = YES;
				CLANG_WARN_DIRECT_OBJC_ISA_USAGE = YES_ERROR;
				CLANG_WARN_DOCUMENTATION_COMMENTS = YES;
				CLANG_WARN_EMPTY_BODY = YES;
				CLANG_WARN_ENUM_CONVERSION = YES;
				CLANG_WARN_INFINITE_RECURSION = YES;
				CLANG_WARN_INT_CONVERSION = YES;
				CLANG_WARN_NON_LITERAL_NULL_CONVERSION = YES;
				CLANG_WARN_OBJC_IMPLICIT_RETAIN_SELF = YES;
				CLANG_WARN_OBJC_LITERAL_CONVERSION = YES;
				CLANG_WARN_OBJC_ROOT_CLASS = YES_ERROR;
				CLANG_WARN_QUOTED_INCLUDE_IN_FRAMEWORK_HEADER = YES;
				CLANG_WARN_RANGE_LOOP_ANALYSIS = YES;
				CLANG_WARN_STRICT_PROTOTYPES = YES;
				CLANG_WARN_SUSPICIOUS_MOVE = YES;
				CLANG_WARN_UNGUARDED_AVAILABILITY = YES_AGGRESSIVE;
				CLANG_WARN_UNREACHABLE_CODE = YES;
				CLANG_WARN__DUPLICATE_METHOD_MATCH = YES;
				COPY_PHASE_STRIP = NO;
				DEBUG_INFORMATION_FORMAT = "dwarf-with-dsym";
				ENABLE_NS_ASSERTIONS = NO;
				ENABLE_STRICT_OBJC_MSGSEND = YES;
				GCC_C_LANGUAGE_STANDARD = gnu11;
				GCC_NO_COMMON_BLOCKS = YES;
				GCC_WARN_64_TO_32_BIT_CONVERSION = YES;
				GCC_WARN_ABOUT_RETURN_TYPE = YES_ERROR;
				GCC_WARN_UNDECLARED_SELECTOR = YES;
				GCC_WARN_UNINITIALIZED_AUTOS = YES_AGGRESSIVE;
				GCC_WARN_UNUSED_FUNCTION = YES;
				GCC_WARN_UNUSED_VARIABLE = YES;
				IPHONEOS_DEPLOYMENT_TARGET = 14.0;
				MTL_ENABLE_DEBUG_INFO = NO;
				MTL_FAST_MATH = YES;
				SDKROOT = iphoneos;
				SWIFT_COMPILATION_MODE = wholemodule;
				SWIFT_OPTIMIZATION_LEVEL = "-O";
				VALIDATE_PRODUCT = YES;
			};
			name = Release;
		};
		1FBD563324E9F127006E490A /* Debug */ = {
			isa = XCBuildConfiguration;
			buildSettings = {
				ASSETCATALOG_COMPILER_APPICON_NAME = AppIcon;
				ASSETCATALOG_COMPILER_GLOBAL_ACCENT_COLOR_NAME = AccentColor;
				CODE_SIGN_STYLE = Automatic;
				DEVELOPMENT_ASSET_PATHS = "\"mountainTopCoding(🏔);/Preview Content\"";
				DEVELOPMENT_TEAM = 4GWVKMH7V6;
				ENABLE_PREVIEWS = YES;
				INFOPLIST_FILE = "mountainTopCoding(🏔);/Info.plist";
				IPHONEOS_DEPLOYMENT_TARGET = 14.0;
				LD_RUNPATH_SEARCH_PATHS = (
					"$(inherited)",
					"@executable_path/Frameworks",
				);
				PRODUCT_BUNDLE_IDENTIFIER = "project1.mountainTopCoding-----";
				PRODUCT_NAME = "$(TARGET_NAME)";
				SWIFT_VERSION = 5.0;
				TARGETED_DEVICE_FAMILY = "1,2";
			};
			name = Debug;
		};
		1FBD563424E9F127006E490A /* Release */ = {
			isa = XCBuildConfiguration;
			buildSettings = {
				ASSETCATALOG_COMPILER_APPICON_NAME = AppIcon;
				ASSETCATALOG_COMPILER_GLOBAL_ACCENT_COLOR_NAME = AccentColor;
				CODE_SIGN_STYLE = Automatic;
				DEVELOPMENT_ASSET_PATHS = "\"mountainTopCoding(🏔);/Preview Content\"";
				DEVELOPMENT_TEAM = 4GWVKMH7V6;
				ENABLE_PREVIEWS = YES;
				INFOPLIST_FILE = "mountainTopCoding(🏔);/Info.plist";
				IPHONEOS_DEPLOYMENT_TARGET = 14.0;
				LD_RUNPATH_SEARCH_PATHS = (
					"$(inherited)",
					"@executable_path/Frameworks",
				);
				PRODUCT_BUNDLE_IDENTIFIER = "project1.mountainTopCoding-----";
				PRODUCT_NAME = "$(TARGET_NAME)";
				SWIFT_VERSION = 5.0;
				TARGETED_DEVICE_FAMILY = "1,2";
			};
			name = Release;
		};
		1FBD563624E9F127006E490A /* Debug */ = {
			isa = XCBuildConfiguration;
			buildSettings = {
				ALWAYS_EMBED_SWIFT_STANDARD_LIBRARIES = YES;
				BUNDLE_LOADER = "$(TEST_HOST)";
				CODE_SIGN_STYLE = Automatic;
				DEVELOPMENT_TEAM = 4GWVKMH7V6;
				INFOPLIST_FILE = "mountainTopCoding(🏔);Tests/Info.plist";
				IPHONEOS_DEPLOYMENT_TARGET = 14.0;
				LD_RUNPATH_SEARCH_PATHS = (
					"$(inherited)",
					"@executable_path/Frameworks",
					"@loader_path/Frameworks",
				);
				PRODUCT_BUNDLE_IDENTIFIER = "project1.mountainTopCoding-----Tests";
				PRODUCT_NAME = "$(TARGET_NAME)";
				SWIFT_VERSION = 5.0;
				TARGETED_DEVICE_FAMILY = "1,2";
				TEST_HOST = "$(BUILT_PRODUCTS_DIR)/mountainTopCoding(🏔);.app/mountainTopCoding(🏔);";
			};
			name = Debug;
		};
		1FBD563724E9F127006E490A /* Release */ = {
			isa = XCBuildConfiguration;
			buildSettings = {
				ALWAYS_EMBED_SWIFT_STANDARD_LIBRARIES = YES;
				BUNDLE_LOADER = "$(TEST_HOST)";
				CODE_SIGN_STYLE = Automatic;
				DEVELOPMENT_TEAM = 4GWVKMH7V6;
				INFOPLIST_FILE = "mountainTopCoding(🏔);Tests/Info.plist";
				IPHONEOS_DEPLOYMENT_TARGET = 14.0;
				LD_RUNPATH_SEARCH_PATHS = (
					"$(inherited)",
					"@executable_path/Frameworks",
					"@loader_path/Frameworks",
				);
				PRODUCT_BUNDLE_IDENTIFIER = "project1.mountainTopCoding-----Tests";
				PRODUCT_NAME = "$(TARGET_NAME)";
				SWIFT_VERSION = 5.0;
				TARGETED_DEVICE_FAMILY = "1,2";
				TEST_HOST = "$(BUILT_PRODUCTS_DIR)/mountainTopCoding(🏔);.app/mountainTopCoding(🏔);";
			};
			name = Release;
		};
		1FBD563924E9F127006E490A /* Debug */ = {
			isa = XCBuildConfiguration;
			buildSettings = {
				ALWAYS_EMBED_SWIFT_STANDARD_LIBRARIES = YES;
				CODE_SIGN_STYLE = Automatic;
				DEVELOPMENT_TEAM = 4GWVKMH7V6;
				INFOPLIST_FILE = "mountainTopCoding(🏔);UITests/Info.plist";
				LD_RUNPATH_SEARCH_PATHS = (
					"$(inherited)",
					"@executable_path/Frameworks",
					"@loader_path/Frameworks",
				);
				PRODUCT_BUNDLE_IDENTIFIER = "project1.mountainTopCoding-----UITests";
				PRODUCT_NAME = "$(TARGET_NAME)";
				SWIFT_VERSION = 5.0;
				TARGETED_DEVICE_FAMILY = "1,2";
				TEST_TARGET_NAME = "mountainTopCoding(🏔);";
			};
			name = Debug;
		};
		1FBD563A24E9F127006E490A /* Release */ = {
			isa = XCBuildConfiguration;
			buildSettings = {
				ALWAYS_EMBED_SWIFT_STANDARD_LIBRARIES = YES;
				CODE_SIGN_STYLE = Automatic;
				DEVELOPMENT_TEAM = 4GWVKMH7V6;
				INFOPLIST_FILE = "mountainTopCoding(🏔);UITests/Info.plist";
				LD_RUNPATH_SEARCH_PATHS = (
					"$(inherited)",
					"@executable_path/Frameworks",
					"@loader_path/Frameworks",
				);
				PRODUCT_BUNDLE_IDENTIFIER = "project1.mountainTopCoding-----UITests";
				PRODUCT_NAME = "$(TARGET_NAME)";
				SWIFT_VERSION = 5.0;
				TARGETED_DEVICE_FAMILY = "1,2";
				TEST_TARGET_NAME = "mountainTopCoding(🏔);";
			};
			name = Release;
		};
/* End XCBuildConfiguration section */

/* Begin XCConfigurationList section */
		1FBD560624E9F126006E490A /* Build configuration list for PBXProject "mountainTopCoding(🏔);" */ = {
			isa = XCConfigurationList;
			buildConfigurations = (
				1FBD563024E9F127006E490A /* Debug */,
				1FBD563124E9F127006E490A /* Release */,
			);
			defaultConfigurationIsVisible = 0;
			defaultConfigurationName = Release;
		};
		1FBD563224E9F127006E490A /* Build configuration list for PBXNativeTarget "mountainTopCoding(🏔);" */ = {
			isa = XCConfigurationList;
			buildConfigurations = (
				1FBD563324E9F127006E490A /* Debug */,
				1FBD563424E9F127006E490A /* Release */,
			);
			defaultConfigurationIsVisible = 0;
			defaultConfigurationName = Release;
		};
		1FBD563524E9F127006E490A /* Build configuration list for PBXNativeTarget "mountainTopCoding(🏔);Tests" */ = {
			isa = XCConfigurationList;
			buildConfigurations = (
				1FBD563624E9F127006E490A /* Debug */,
				1FBD563724E9F127006E490A /* Release */,
			);
			defaultConfigurationIsVisible = 0;
			defaultConfigurationName = Release;
		};
		1FBD563824E9F127006E490A /* Build configuration list for PBXNativeTarget "mountainTopCoding(🏔);UITests" */ = {
			isa = XCConfigurationList;
			buildConfigurations = (
				1FBD563924E9F127006E490A /* Debug */,
				1FBD563A24E9F127006E490A /* Release */,
			);
			defaultConfigurationIsVisible = 0;
			defaultConfigurationName = Release;
		};
/* End XCConfigurationList section */
	};
	rootObject = 1FBD560324E9F126006E490A /* Project object */;
}
